
Microsoft Visual Studio Solution File, Format Version 12.00
# Visual Studio 15
VisualStudioVersion = 15.0.28307.572
MinimumVisualStudioVersion = 10.0.40219.1
Project("{FAE04EC0-301F-11D3-BF4B-00C04F79EFBC}") = "WRLD_Programming_Test", "WRLD_Programming_Test.csproj", "{713EEBEA-1D91-46AC-A061-76B30E0097C3}"
EndProject
Global
	GlobalSection(SolutionConfigurationPlatforms) = preSolution
		Debug|Any CPU = Debug|Any CPU
		Release|Any CPU = Release|Any CPU
	EndGlobalSection
	GlobalSection(ProjectConfigurationPlatforms) = postSolution
		{713EEBEA-1D91-46AC-A061-76B30E0097C3}.Debug|Any CPU.ActiveCfg = Debug|Any CPU
		{713EEBEA-1D91-46AC-A061-76B30E0097C3}.Debug|Any CPU.Build.0 = Debug|Any CPU
		{713EEBEA-1D91-46AC-A061-76B30E0097C3}.Release|Any CPU.ActiveCfg = Release|Any CPU
		{713EEBEA-1D91-46AC-A061-76B30E0097C3}.Release|Any CPU.Build.0 = Release|Any CPU
	EndGlobalSection
	GlobalSection(SolutionProperties) = preSolution
		HideSolutionNode = FALSE
	EndGlobalSection
	GlobalSection(ExtensibilityGlobals) = postSolution
		SolutionGuid = {89E8C4B9-B95C-41CA-B921-8749A6D74076}
	EndGlobalSection
EndGlobal
